Microsoft Visual Studio Solution File, Format Version 12.00
# Visual Studio Version 17
VisualStudioVersion = 17.5.2.0
MinimumVisualStudioVersion = 10.0.40219.1
Project("{FAE04EC0-301F-11D3-BF4B-00C04F79EFBC}") = "NINA.Plugin.AIAssistant", "NINA.Plugin.AIAssistant.csproj", "{CFB4DC16-0CFC-81AC-C136-E17AF34115CC}"
EndProject
Global
	GlobalSection(SolutionConfigurationPlatforms) = preSolution
		Debug|Any CPU = Debug|Any CPU
		Release|Any CPU = Release|Any CPU
	EndGlobalSection
	GlobalSection(ProjectConfigurationPlatforms) = postSolution
		{CFB4DC16-0CFC-81AC-C136-E17AF34115CC}.Debug|Any CPU.ActiveCfg = Debug|Any CPU
		{CFB4DC16-0CFC-81AC-C136-E17AF34115CC}.Debug|Any CPU.Build.0 = Debug|Any CPU
		{CFB4DC16-0CFC-81AC-C136-E17AF34115CC}.Release|Any CPU.ActiveCfg = Release|Any CPU
		{CFB4DC16-0CFC-81AC-C136-E17AF34115CC}.Release|Any CPU.Build.0 = Release|Any CPU
	EndGlobalSection
	GlobalSection(SolutionProperties) = preSolution
		HideSolutionNode = FALSE
	EndGlobalSection
	GlobalSection(ExtensibilityGlobals) = postSolution
		SolutionGuid = {1E21E3D6-8DC1-48F9-85A8-0E010D6F56EE}
	EndGlobalSection
EndGlobal
